
Microsoft Visual Studio Solution File, Format Version 12.00
# Visual Studio Version 17
VisualStudioVersion = 17.9.34723.18
MinimumVisualStudioVersion = 10.0.40219.1
Project("{9A19103F-16F7-4668-BE54-9A1E7A4F7556}") = "ApiSqlite", "..\Api-with-sqlite\ApiSqlite.csproj", "{877BDAC4-CD73-43B5-ACA7-544A7BD796CB}"
EndProject
Project("{9A19103F-16F7-4668-BE54-9A1E7A4F7556}") = "ApiSqlite.IntegrationTests", "..\Api-with-sqlite.IntegrationTests\ApiSqlite.IntegrationTests.csproj", "{F2FB9FB2-F5A6-4191-B3C3-B6CE446384BC}"
EndProject
Global
	GlobalSection(SolutionConfigurationPlatforms) = preSolution
		Debug|Any CPU = Debug|Any CPU
		Release|Any CPU = Release|Any CPU
	EndGlobalSection
	GlobalSection(ProjectConfigurationPlatforms) = postSolution
		{877BDAC4-CD73-43B5-ACA7-544A7BD796CB}.Debug|Any CPU.ActiveCfg = Debug|Any CPU
		{877BDAC4-CD73-43B5-ACA7-544A7BD796CB}.Debug|Any CPU.Build.0 = Debug|Any CPU
		{877BDAC4-CD73-43B5-ACA7-544A7BD796CB}.Release|Any CPU.ActiveCfg = Release|Any CPU
		{877BDAC4-CD73-43B5-ACA7-544A7BD796CB}.Release|Any CPU.Build.0 = Release|Any CPU
		{F2FB9FB2-F5A6-4191-B3C3-B6CE446384BC}.Debug|Any CPU.ActiveCfg = Debug|Any CPU
		{F2FB9FB2-F5A6-4191-B3C3-B6CE446384BC}.Debug|Any CPU.Build.0 = Debug|Any CPU
		{F2FB9FB2-F5A6-4191-B3C3-B6CE446384BC}.Release|Any CPU.ActiveCfg = Release|Any CPU
		{F2FB9FB2-F5A6-4191-B3C3-B6CE446384BC}.Release|Any CPU.Build.0 = Release|Any CPU
	EndGlobalSection
	GlobalSection(SolutionProperties) = preSolution
		HideSolutionNode = FALSE
	EndGlobalSection
	GlobalSection(ExtensibilityGlobals) = postSolution
		SolutionGuid = {30C6BF63-4C83-46FC-A580-D04942E23032}
	EndGlobalSection
EndGlobal
